// !$*UTF8*$!
{
	archiveVersion = 1;
	classes = {
	};
	objectVersion = 55;
	objects = {

/* Begin PBXBuildFile section */
		002332B327C1582F009A6561 /* PingBApp.swift in Sources */ = {isa = PBXBuildFile; fileRef = 002332B227C1582F009A6561 /* PingBApp.swift */; };
		002332B527C1582F009A6561 /* ContentView.swift in Sources */ = {isa = PBXBuildFile; fileRef = 002332B427C1582F009A6561 /* ContentView.swift */; };
		002332B727C15831009A6561 /* Assets.xcassets in Resources */ = {isa = PBXBuildFile; fileRef = 002332B627C15831009A6561 /* Assets.xcassets */; };
		002332BA27C15831009A6561 /* Preview Assets.xcassets in Resources */ = {isa = PBXBuildFile; fileRef = 002332B927C15831009A6561 /* Preview Assets.xcassets */; };
		00BEFCCC27C3E59D0006AFDD /* TitleRow.swift in Sources */ = {isa = PBXBuildFile; fileRef = 00BEFCCB27C3E59D0006AFDD /* TitleRow.swift */; };
		00BEFCCF27C3E7AD0006AFDD /* MessageModel.swift in Sources */ = {isa = PBXBuildFile; fileRef = 00BEFCCE27C3E7AD0006AFDD /* MessageModel.swift */; };
		00BEFCD127C3E84E0006AFDD /* MessageBubble.swift in Sources */ = {isa = PBXBuildFile; fileRef = 00BEFCD027C3E84E0006AFDD /* MessageBubble.swift */; };
		00BEFCD327C3F36D0006AFDD /* Extension.swift in Sources */ = {isa = PBXBuildFile; fileRef = 00BEFCD227C3F36D0006AFDD /* Extension.swift */; };
		00BEFCD627C3F64F0006AFDD /* GoogleService-Info.plist in Resources */ = {isa = PBXBuildFile; fileRef = 00BEFCD527C3F64F0006AFDD /* GoogleService-Info.plist */; };
		00BEFCD927C3F8110006AFDD /* FirebaseAnalytics in Frameworks */ = {isa = PBXBuildFile; productRef = 00BEFCD827C3F8110006AFDD /* FirebaseAnalytics */; };
		00BEFCDB27C3F8110006AFDD /* FirebaseAuth in Frameworks */ = {isa = PBXBuildFile; productRef = 00BEFCDA27C3F8110006AFDD /* FirebaseAuth */; };
		00BEFCDD27C3F8110006AFDD /* FirebaseCrashlytics in Frameworks */ = {isa = PBXBuildFile; productRef = 00BEFCDC27C3F8110006AFDD /* FirebaseCrashlytics */; };
		00BEFCDF27C3F8110006AFDD /* FirebaseFirestore in Frameworks */ = {isa = PBXBuildFile; productRef = 00BEFCDE27C3F8110006AFDD /* FirebaseFirestore */; };
		00BEFCE127C3F8110006AFDD /* FirebaseFirestoreSwift-Beta in Frameworks */ = {isa = PBXBuildFile; productRef = 00BEFCE027C3F8110006AFDD /* FirebaseFirestoreSwift-Beta */; };
		00BEFCE327C3F9C80006AFDD /* MessageInputField.swift in Sources */ = {isa = PBXBuildFile; fileRef = 00BEFCE227C3F9C80006AFDD /* MessageInputField.swift */; };
		00E597BF27C400D200B3E591 /* MessageManagementViewModel.swift in Sources */ = {isa = PBXBuildFile; fileRef = 00E597BE27C400D200B3E591 /* MessageManagementViewModel.swift */; };
/* End PBXBuildFile section */

/* Begin PBXFileReference section */
		002332AF27C1582F009A6561 /* PingB.app */ = {isa = PBXFileReference; explicitFileType = wrapper.application; includeInIndex = 0; path = PingB.app; sourceTree = BUILT_PRODUCTS_DIR; };
		002332B227C1582F009A6561 /* PingBApp.swift */ = {isa = PBXFileReference; lastKnownFileType = sourcecode.swift; path = PingBApp.swift; sourceTree = "<group>"; };
		002332B427C1582F009A6561 /* ContentView.swift */ = {isa = PBXFileReference; lastKnownFileType = sourcecode.swift; path = ContentView.swift; sourceTree = "<group>"; };
		002332B627C15831009A6561 /* Assets.xcassets */ = {isa = PBXFileReference; lastKnownFileType = folder.assetcatalog; path = Assets.xcassets; sourceTree = "<group>"; };
		002332B927C15831009A6561 /* Preview Assets.xcassets */ = {isa = PBXFileReference; lastKnownFileType = folder.assetcatalog; path = "Preview Assets.xcassets"; sourceTree = "<group>"; };
		00BEFCCB27C3E59D0006AFDD /* TitleRow.swift */ = {isa = PBXFileReference; lastKnownFileType = sourcecode.swift; path = TitleRow.swift; sourceTree = "<group>"; };
		00BEFCCE27C3E7AD0006AFDD /* MessageModel.swift */ = {isa = PBXFileReference; lastKnownFileType = sourcecode.swift; path = MessageModel.swift; sourceTree = "<group>"; };
		00BEFCD027C3E84E0006AFDD /* MessageBubble.swift */ = {isa = PBXFileReference; lastKnownFileType = sourcecode.swift; path = MessageBubble.swift; sourceTree = "<group>"; };
		00BEFCD227C3F36D0006AFDD /* Extension.swift */ = {isa = PBXFileReference; lastKnownFileType = sourcecode.swift; path = Extension.swift; sourceTree = "<group>"; };
		00BEFCD527C3F64F0006AFDD /* GoogleService-Info.plist */ = {isa = PBXFileReference; fileEncoding = 4; lastKnownFileType = text.plist.xml; path = "GoogleService-Info.plist"; sourceTree = "<group>"; };
		00BEFCE227C3F9C80006AFDD /* MessageInputField.swift */ = {isa = PBXFileReference; lastKnownFileType = sourcecode.swift; path = MessageInputField.swift; sourceTree = "<group>"; };
		00E597BE27C400D200B3E591 /* MessageManagementViewModel.swift */ = {isa = PBXFileReference; lastKnownFileType = sourcecode.swift; path = MessageManagementViewModel.swift; sourceTree = "<group>"; };
/* End PBXFileReference section */

/* Begin PBXFrameworksBuildPhase section */
		002332AC27C1582F009A6561 /* Frameworks */ = {
			isa = PBXFrameworksBuildPhase;
			buildActionMask = 2147483647;
			files = (
				00BEFCDD27C3F8110006AFDD /* FirebaseCrashlytics in Frameworks */,
				00BEFCDF27C3F8110006AFDD /* FirebaseFirestore in Frameworks */,
				00BEFCE127C3F8110006AFDD /* FirebaseFirestoreSwift-Beta in Frameworks */,
				00BEFCD927C3F8110006AFDD /* FirebaseAnalytics in Frameworks */,
				00BEFCDB27C3F8110006AFDD /* FirebaseAuth in Frameworks */,
			);
			runOnlyForDeploymentPostprocessing = 0;
		};
/* End PBXFrameworksBuildPhase section */

/* Begin PBXGroup section */
		002332A627C1582F009A6561 = {
			isa = PBXGroup;
			children = (
				002332B127C1582F009A6561 /* PingB */,
				002332B027C1582F009A6561 /* Products */,
			);
			sourceTree = "<group>";
		};
		002332B027C1582F009A6561 /* Products */ = {
			isa = PBXGroup;
			children = (
				002332AF27C1582F009A6561 /* PingB.app */,
			);
			name = Products;
			sourceTree = "<group>";
		};
		002332B127C1582F009A6561 /* PingB */ = {
			isa = PBXGroup;
			children = (
				00BEFCD427C3F55E0006AFDD /* ViewModel */,
				00BEFCCD27C3E7990006AFDD /* Model */,
				00BEFCCA27C3E5070006AFDD /* Components */,
				002332B227C1582F009A6561 /* PingBApp.swift */,
				00BEFCD527C3F64F0006AFDD /* GoogleService-Info.plist */,
				002332B627C15831009A6561 /* Assets.xcassets */,
				002332B827C15831009A6561 /* Preview Content */,
				00BEFCD227C3F36D0006AFDD /* Extension.swift */,
			);
			path = PingB;
			sourceTree = "<group>";
		};
		002332B827C15831009A6561 /* Preview Content */ = {
			isa = PBXGroup;
			children = (
				002332B927C15831009A6561 /* Preview Assets.xcassets */,
			);
			path = "Preview Content";
			sourceTree = "<group>";
		};
		00BEFCCA27C3E5070006AFDD /* Components */ = {
			isa = PBXGroup;
			children = (
				00BEFCCB27C3E59D0006AFDD /* TitleRow.swift */,
				00BEFCD027C3E84E0006AFDD /* MessageBubble.swift */,
				002332B427C1582F009A6561 /* ContentView.swift */,
				00BEFCE227C3F9C80006AFDD /* MessageInputField.swift */,
			);
			path = Components;
			sourceTree = "<group>";
		};
		00BEFCCD27C3E7990006AFDD /* Model */ = {
			isa = PBXGroup;
			children = (
				00BEFCCE27C3E7AD0006AFDD /* MessageModel.swift */,
			);
			path = Model;
			sourceTree = "<group>";
		};
		00BEFCD427C3F55E0006AFDD /* ViewModel */ = {
			isa = PBXGroup;
			children = (
				00E597BE27C400D200B3E591 /* MessageManagementViewModel.swift */,
			);
			path = ViewModel;
			sourceTree = "<group>";
		};
/* End PBXGroup section */

/* Begin PBXNativeTarget section */
		002332AE27C1582F009A6561 /* PingB */ = {
			isa = PBXNativeTarget;
			buildConfigurationList = 002332BD27C15831009A6561 /* Build configuration list for PBXNativeTarget "PingB" */;
			buildPhases = (
				002332AB27C1582F009A6561 /* Sources */,
				002332AC27C1582F009A6561 /* Frameworks */,
				002332AD27C1582F009A6561 /* Resources */,
			);
			buildRules = (
			);
			dependencies = (
			);
			name = PingB;
			packageProductDependencies = (
				00BEFCD827C3F8110006AFDD /* FirebaseAnalytics */,
				00BEFCDA27C3F8110006AFDD /* FirebaseAuth */,
				00BEFCDC27C3F8110006AFDD /* FirebaseCrashlytics */,
				00BEFCDE27C3F8110006AFDD /* FirebaseFirestore */,
				00BEFCE027C3F8110006AFDD /* FirebaseFirestoreSwift-Beta */,
			);
			productName = PingB;
			productReference = 002332AF27C1582F009A6561 /* PingB.app */;
			productType = "com.apple.product-type.application";
		};
/* End PBXNativeTarget section */

/* Begin PBXProject section */
		002332A727C1582F009A6561 /* Project object */ = {
			isa = PBXProject;
			attributes = {
				BuildIndependentTargetsInParallel = 1;
				LastSwiftUpdateCheck = 1320;
				LastUpgradeCheck = 1320;
				TargetAttributes = {
					002332AE27C1582F009A6561 = {
						CreatedOnToolsVersion = 13.2.1;
					};
				};
			};
			buildConfigurationList = 002332AA27C1582F009A6561 /* Build configuration list for PBXProject "PingB" */;
			compatibilityVersion = "Xcode 13.0";
			developmentRegion = en;
			hasScannedForEncodings = 0;
			knownRegions = (
				en,
				Base,
			);
			mainGroup = 002332A627C1582F009A6561;
			packageReferences = (
				00BEFCD727C3F8110006AFDD /* XCRemoteSwiftPackageReference "firebase-ios-sdk" */,
			);
			productRefGroup = 002332B027C1582F009A6561 /* Products */;
			projectDirPath = "";
			projectRoot = "";
			targets = (
				002332AE27C1582F009A6561 /* PingB */,
			);
		};
/* End PBXProject section */

/* Begin PBXResourcesBuildPhase section */
		002332AD27C1582F009A6561 /* Resources */ = {
			isa = PBXResourcesBuildPhase;
			buildActionMask = 2147483647;
			files = (
				002332BA27C15831009A6561 /* Preview Assets.xcassets in Resources */,
				002332B727C15831009A6561 /* Assets.xcassets in Resources */,
				00BEFCD627C3F64F0006AFDD /* GoogleService-Info.plist in Resources */,
			);
			runOnlyForDeploymentPostprocessing = 0;
		};
/* End PBXResourcesBuildPhase section */

/* Begin PBXSourcesBuildPhase section */
		002332AB27C1582F009A6561 /* Sources */ = {
			isa = PBXSourcesBuildPhase;
			buildActionMask = 2147483647;
			files = (
				002332B527C1582F009A6561 /* ContentView.swift in Sources */,
				002332B327C1582F009A6561 /* PingBApp.swift in Sources */,
				00E597BF27C400D200B3E591 /* MessageManagementViewModel.swift in Sources */,
				00BEFCD127C3E84E0006AFDD /* MessageBubble.swift in Sources */,
				00BEFCD327C3F36D0006AFDD /* Extension.swift in Sources */,
				00BEFCCC27C3E59D0006AFDD /* TitleRow.swift in Sources */,
				00BEFCCF27C3E7AD0006AFDD /* MessageModel.swift in Sources */,
				00BEFCE327C3F9C80006AFDD /* MessageInputField.swift in Sources */,
			);
			runOnlyForDeploymentPostprocessing = 0;
		};
/* End PBXSourcesBuildPhase section */

/* Begin XCBuildConfiguration section */
		002332BB27C15831009A6561 /* Debug */ = {
			isa = XCBuildConfiguration;
			buildSettings = {
				ALWAYS_SEARCH_USER_PATHS = NO;
				CLANG_ANALYZER_NONNULL = YES;
				CLANG_ANALYZER_NUMBER_OBJECT_CONVERSION = YES_AGGRESSIVE;
				CLANG_CXX_LANGUAGE_STANDARD = "gnu++17";
				CLANG_CXX_LIBRARY = "libc++";
				CLANG_ENABLE_MODULES = YES;
				CLANG_ENABLE_OBJC_ARC = YES;
				CLANG_ENABLE_OBJC_WEAK = YES;
				CLANG_WARN_BLOCK_CAPTURE_AUTORELEASING = YES;
				CLANG_WARN_BOOL_CONVERSION = YES;
				CLANG_WARN_COMMA = YES;
				CLANG_WARN_CONSTANT_CONVERSION = YES;
				CLANG_WARN_DEPRECATED_OBJC_IMPLEMENTATIONS = YES;
				CLANG_WARN_DIRECT_OBJC_ISA_USAGE = YES_ERROR;
				CLANG_WARN_DOCUMENTATION_COMMENTS = YES;
				CLANG_WARN_EMPTY_BODY = YES;
				CLANG_WARN_ENUM_CONVERSION = YES;
				CLANG_WARN_INFINITE_RECURSION = YES;
				CLANG_WARN_INT_CONVERSION = YES;
				CLANG_WARN_NON_LITERAL_NULL_CONVERSION = YES;
				CLANG_WARN_OBJC_IMPLICIT_RETAIN_SELF = YES;
				CLANG_WARN_OBJC_LITERAL_CONVERSION = YES;
				CLANG_WARN_OBJC_ROOT_CLASS = YES_ERROR;
				CLANG_WARN_QUOTED_INCLUDE_IN_FRAMEWORK_HEADER = YES;
				CLANG_WARN_RANGE_LOOP_ANALYSIS = YES;
				CLANG_WARN_STRICT_PROTOTYPES = YES;
				CLANG_WARN_SUSPICIOUS_MOVE = YES;
				CLANG_WARN_UNGUARDED_AVAILABILITY = YES_AGGRESSIVE;
				CLANG_WARN_UNREACHABLE_CODE = YES;
				CLANG_WARN__DUPLICATE_METHOD_MATCH = YES;
				COPY_PHASE_STRIP = NO;
				DEBUG_INFORMATION_FORMAT = dwarf;
				ENABLE_STRICT_OBJC_MSGSEND = YES;
				ENABLE_TESTABILITY = YES;
				GCC_C_LANGUAGE_STANDARD = gnu11;
				GCC_DYNAMIC_NO_PIC = NO;
				GCC_NO_COMMON_BLOCKS = YES;
				GCC_OPTIMIZATION_LEVEL = 0;
				GCC_PREPROCESSOR_DEFINITIONS = (
					"DEBUG=1",
					"$(inherited)",
				);
				GCC_WARN_64_TO_32_BIT_CONVERSION = YES;
				GCC_WARN_ABOUT_RETURN_TYPE = YES_ERROR;
				GCC_WARN_UNDECLARED_SELECTOR = YES;
				GCC_WARN_UNINITIALIZED_AUTOS = YES_AGGRESSIVE;
				GCC_WARN_UNUSED_FUNCTION = YES;
				GCC_WARN_UNUSED_VARIABLE = YES;
				IPHONEOS_DEPLOYMENT_TARGET = 15.2;
				MTL_ENABLE_DEBUG_INFO = INCLUDE_SOURCE;
				MTL_FAST_MATH = YES;
				ONLY_ACTIVE_ARCH = YES;
				SDKROOT = iphoneos;
				SWIFT_ACTIVE_COMPILATION_CONDITIONS = DEBUG;
				SWIFT_OPTIMIZATION_LEVEL = "-Onone";
			};
			name = Debug;
		};
		002332BC27C15831009A6561 /* Release */ = {
			isa = XCBuildConfiguration;
			buildSettings = {
				ALWAYS_SEARCH_USER_PATHS = NO;
				CLANG_ANALYZER_NONNULL = YES;
				CLANG_ANALYZER_NUMBER_OBJECT_CONVERSION = YES_AGGRESSIVE;
				CLANG_CXX_LANGUAGE_STANDARD = "gnu++17";
				CLANG_CXX_LIBRARY = "libc++";
				CLANG_ENABLE_MODULES = YES;
				CLANG_ENABLE_OBJC_ARC = YES;
				CLANG_ENABLE_OBJC_WEAK = YES;
				CLANG_WARN_BLOCK_CAPTURE_AUTORELEASING = YES;
				CLANG_WARN_BOOL_CONVERSION = YES;
				CLANG_WARN_COMMA = YES;
				CLANG_WARN_CONSTANT_CONVERSION = YES;
				CLANG_WARN_DEPRECATED_OBJC_IMPLEMENTATIONS = YES;
				CLANG_WARN_DIRECT_OBJC_ISA_USAGE = YES_ERROR;
				CLANG_WARN_DOCUMENTATION_COMMENTS = YES;
				CLANG_WARN_EMPTY_BODY = YES;
				CLANG_WARN_ENUM_CONVERSION = YES;
				CLANG_WARN_INFINITE_RECURSION = YES;
				CLANG_WARN_INT_CONVERSION = YES;
				CLANG_WARN_NON_LITERAL_NULL_CONVERSION = YES;
				CLANG_WARN_OBJC_IMPLICIT_RETAIN_SELF = YES;
				CLANG_WARN_OBJC_LITERAL_CONVERSION = YES;
				CLANG_WARN_OBJC_ROOT_CLASS = YES_ERROR;
				CLANG_WARN_QUOTED_INCLUDE_IN_FRAMEWORK_HEADER = YES;
				CLANG_WARN_RANGE_LOOP_ANALYSIS = YES;
				CLANG_WARN_STRICT_PROTOTYPES = YES;
				CLANG_WARN_SUSPICIOUS_MOVE = YES;
				CLANG_WARN_UNGUARDED_AVAILABILITY = YES_AGGRESSIVE;
				CLANG_WARN_UNREACHABLE_CODE = YES;
				CLANG_WARN__DUPLICATE_METHOD_MATCH = YES;
				COPY_PHASE_STRIP = NO;
				DEBUG_INFORMATION_FORMAT = "dwarf-with-dsym";
				ENABLE_NS_ASSERTIONS = NO;
				ENABLE_STRICT_OBJC_MSGSEND = YES;
				GCC_C_LANGUAGE_STANDARD = gnu11;
				GCC_NO_COMMON_BLOCKS = YES;
				GCC_WARN_64_TO_32_BIT_CONVERSION = YES;
				GCC_WARN_ABOUT_RETURN_TYPE = YES_ERROR;
				GCC_WARN_UNDECLARED_SELECTOR = YES;
				GCC_WARN_UNINITIALIZED_AUTOS = YES_AGGRESSIVE;
				GCC_WARN_UNUSED_FUNCTION = YES;
				GCC_WARN_UNUSED_VARIABLE = YES;
				IPHONEOS_DEPLOYMENT_TARGET = 15.2;
				MTL_ENABLE_DEBUG_INFO = NO;
				MTL_FAST_MATH = YES;
				SDKROOT = iphoneos;
				SWIFT_COMPILATION_MODE = wholemodule;
				SWIFT_OPTIMIZATION_LEVEL = "-O";
				VALIDATE_PRODUCT = YES;
			};
			name = Release;
		};
		002332BE27C15831009A6561 /* Debug */ = {
			isa = XCBuildConfiguration;
			buildSettings = {
				ASSETCATALOG_COMPILER_APPICON_NAME = AppIcon;
				ASSETCATALOG_COMPILER_GLOBAL_ACCENT_COLOR_NAME = AccentColor;
				CODE_SIGN_STYLE = Automatic;
				CURRENT_PROJECT_VERSION = 1;
				DEVELOPMENT_ASSET_PATHS = "\"PingB/Preview Content\"";
				DEVELOPMENT_TEAM = 86U3LK3Z76;
				ENABLE_PREVIEWS = YES;
				GENERATE_INFOPLIST_FILE = YES;
				INFOPLIST_KEY_UIApplicationSceneManifest_Generation = YES;
				INFOPLIST_KEY_UIApplicationSupportsIndirectInputEvents = YES;
				INFOPLIST_KEY_UILaunchScreen_Generation = YES;
				INFOPLIST_KEY_UISupportedInterfaceOrientations_iPad = "UIInterfaceOrientationPortrait UIInterfaceOrientationPortraitUpsideDown UIInterfaceOrientationLandscapeLeft UIInterfaceOrientationLandscapeRight";
				INFOPLIST_KEY_UISupportedInterfaceOrientations_iPhone = "UIInterfaceOrientationPortrait UIInterfaceOrientationLandscapeLeft UIInterfaceOrientationLandscapeRight";
				LD_RUNPATH_SEARCH_PATHS = (
					"$(inherited)",
					"@executable_path/Frameworks",
				);
				MARKETING_VERSION = 1.0;
				PRODUCT_BUNDLE_IDENTIFIER = com.sergioShaon.PingB;
				PRODUCT_NAME = "$(TARGET_NAME)";
				SWIFT_EMIT_LOC_STRINGS = YES;
				SWIFT_VERSION = 5.0;
				TARGETED_DEVICE_FAMILY = "1,2";
			};
			name = Debug;
		};
		002332BF27C15831009A6561 /* Release */ = {
			isa = XCBuildConfiguration;
			buildSettings = {
				ASSETCATALOG_COMPILER_APPICON_NAME = AppIcon;
				ASSETCATALOG_COMPILER_GLOBAL_ACCENT_COLOR_NAME = AccentColor;
				CODE_SIGN_STYLE = Automatic;
				CURRENT_PROJECT_VERSION = 1;
				DEVELOPMENT_ASSET_PATHS = "\"PingB/Preview Content\"";
				DEVELOPMENT_TEAM = 86U3LK3Z76;
				ENABLE_PREVIEWS = YES;
				GENERATE_INFOPLIST_FILE = YES;
				INFOPLIST_KEY_UIApplicationSceneManifest_Generation = YES;
				INFOPLIST_KEY_UIApplicationSupportsIndirectInputEvents = YES;
				INFOPLIST_KEY_UILaunchScreen_Generation = YES;
				INFOPLIST_KEY_UISupportedInterfaceOrientations_iPad = "UIInterfaceOrientationPortrait UIInterfaceOrientationPortraitUpsideDown UIInterfaceOrientationLandscapeLeft UIInterfaceOrientationLandscapeRight";
				INFOPLIST_KEY_UISupportedInterfaceOrientations_iPhone = "UIInterfaceOrientationPortrait UIInterfaceOrientationLandscapeLeft UIInterfaceOrientationLandscapeRight";
				LD_RUNPATH_SEARCH_PATHS = (
					"$(inherited)",
					"@executable_path/Frameworks",
				);
				MARKETING_VERSION = 1.0;
				PRODUCT_BUNDLE_IDENTIFIER = com.sergioShaon.PingB;
				PRODUCT_NAME = "$(TARGET_NAME)";
				SWIFT_EMIT_LOC_STRINGS = YES;
				SWIFT_VERSION = 5.0;
				TARGETED_DEVICE_FAMILY = "1,2";
			};
			name = Release;
		};
/* End XCBuildConfiguration section */

/* Begin XCConfigurationList section */
		002332AA27C1582F009A6561 /* Build configuration list for PBXProject "PingB" */ = {
			isa = XCConfigurationList;
			buildConfigurations = (
				002332BB27C15831009A6561 /* Debug */,
				002332BC27C15831009A6561 /* Release */,
			);
			defaultConfigurationIsVisible = 0;
			defaultConfigurationName = Release;
		};
		002332BD27C15831009A6561 /* Build configuration list for PBXNativeTarget "PingB" */ = {
			isa = XCConfigurationList;
			buildConfigurations = (
				002332BE27C15831009A6561 /* Debug */,
				002332BF27C15831009A6561 /* Release */,
			);
			defaultConfigurationIsVisible = 0;
			defaultConfigurationName = Release;
		};
/* End XCConfigurationList section */

/* Begin XCRemoteSwiftPackageReference section */
		00BEFCD727C3F8110006AFDD /* XCRemoteSwiftPackageReference "firebase-ios-sdk" */ = {
			isa = XCRemoteSwiftPackageReference;
			repositoryURL = "https://github.com/firebase/firebase-ios-sdk";
			requirement = {
				kind = upToNextMajorVersion;
				minimumVersion = 8.0.0;
			};
		};
/* End XCRemoteSwiftPackageReference section */

/* Begin XCSwiftPackageProductDependency section */
		00BEFCD827C3F8110006AFDD /* FirebaseAnalytics */ = {
			isa = XCSwiftPackageProductDependency;
			package = 00BEFCD727C3F8110006AFDD /* XCRemoteSwiftPackageReference "firebase-ios-sdk" */;
			productName = FirebaseAnalytics;
		};
		00BEFCDA27C3F8110006AFDD /* FirebaseAuth */ = {
			isa = XCSwiftPackageProductDependency;
			package = 00BEFCD727C3F8110006AFDD /* XCRemoteSwiftPackageReference "firebase-ios-sdk" */;
			productName = FirebaseAuth;
		};
		00BEFCDC27C3F8110006AFDD /* FirebaseCrashlytics */ = {
			isa = XCSwiftPackageProductDependency;
			package = 00BEFCD727C3F8110006AFDD /* XCRemoteSwiftPackageReference "firebase-ios-sdk" */;
			productName = FirebaseCrashlytics;
		};
		00BEFCDE27C3F8110006AFDD /* FirebaseFirestore */ = {
			isa = XCSwiftPackageProductDependency;
			package = 00BEFCD727C3F8110006AFDD /* XCRemoteSwiftPackageReference "firebase-ios-sdk" */;
			productName = FirebaseFirestore;
		};
		00BEFCE027C3F8110006AFDD /* FirebaseFirestoreSwift-Beta */ = {
			isa = XCSwiftPackageProductDependency;
			package = 00BEFCD727C3F8110006AFDD /* XCRemoteSwiftPackageReference "firebase-ios-sdk" */;
			productName = "FirebaseFirestoreSwift-Beta";
		};
/* End XCSwiftPackageProductDependency section */
	};
	rootObject = 002332A727C1582F009A6561 /* Project object */;
}
